{
  "object": {
    "pins": [
      {
        "package": "Introspect",
        "repositoryURL": "https://github.com/timbersoftware/SwiftUI-Introspect.git",
        "state": {
          "branch": null,
          "revision": "de5c32c15ae169cfcb27397ffb2734dcd0e1e6d5",
          "version": "0.1.0"
        }
      },
      {
        "package": "SwipeCell",
        "repositoryURL": "git@github.com:fatbobman/SwipeCell.git",
        "state": {
          "branch": null,
          "revision": "fd79dde608fa0c4f798f9a83f3bdd6127d3fb83e",
          "version": "0.9.1"
        }
      }
    ]
  },
  "version": 1
}
